{
  "requires": true,
  "lockfileVersion": 1,
  "dependencies": {
    "node-watch": {
      "version": "0.7.2",
      "resolved": "https://registry.npmjs.org/node-watch/-/node-watch-0.7.2.tgz",
      "integrity": "sha512-g53VjSARRv1JdST0LZRIg8RiuLr1TaBbVPsVvxh0/0Ymvi0xYUjDuoqQQAWtHJQUXhiShowPT/aXKNeHBcyQsw=="
    },
    "require-relative": {
      "version": "0.8.7",
      "resolved": "https://registry.npmjs.org/require-relative/-/require-relative-0.8.7.tgz",
      "integrity": "sha1-eZlTn8ngR6N5KPoZb44VY9q9Nt4="
    }
  }
}
